<?xml version="1.0" encoding="utf-8"?>
<Project ToolsVersion="4.0" xmlns="http://schemas.microsoft.com/developer/msbuild/2003">
  <ItemGroup>
    <ClCompile Include="Alto_Adventure.cpp" />
    <ClCompile Include="BackgroundMgr.cpp" />
    <ClCompile Include="BigTree.cpp" />
    <ClCompile Include="BmpMgr.cpp" />
    <ClCompile Include="Cloud.cpp" />
    <ClCompile Include="CollisionMgr.cpp" />
    <ClCompile Include="Device.cpp" />
    <ClCompile Include="Effect.cpp" />
    <ClCompile Include="KeyMgr.cpp" />
    <ClCompile Include="Line.cpp" />
    <ClCompile Include="LineMgr.cpp" />
    <ClCompile Include="MainGame.cpp" />
    <ClCompile Include="MultiTex.cpp" />
    <ClCompile Include="MyBitmap.cpp" />
    <ClCompile Include="MyMenu.cpp" />
    <ClCompile Include="Obj.cpp" />
    <ClCompile Include="ObjMgr.cpp" />
    <ClCompile Include="Player.cpp" />
    <ClCompile Include="Scene.cpp" />
    <ClCompile Include="SceneMgr.cpp" />
    <ClCompile Include="Rock.cpp" />
    <ClCompile Include="ScrollMgr.cpp" />
    <ClCompile Include="SingleTex.cpp" />
    <ClCompile Include="SkyGradient.cpp" />
    <ClCompile Include="SoundMgr.cpp" />
    <ClCompile Include="Stage.cpp" />
    <ClCompile Include="stdafx.cpp" />
    <ClCompile Include="Texture.cpp" />
    <ClCompile Include="TextureMgr.cpp" />
    <ClCompile Include="Mountain.cpp" />
    <ClCompile Include="Tree.cpp" />
  </ItemGroup>
  <ItemGroup>
    <ClInclude Include="AbstractFactory.h" />
    <ClInclude Include="Alto_Adventure.h" />
    <ClInclude Include="BackgroundMgr.h" />
    <ClInclude Include="BigTree.h" />
    <ClInclude Include="BmpMgr.h" />
    <ClInclude Include="Cloud.h" />
    <ClInclude Include="CollisionMgr.h" />
    <ClInclude Include="Define.h" />
    <ClInclude Include="Device.h" />
    <ClInclude Include="Effect.h" />
    <ClInclude Include="Enum.h" />
    <ClInclude Include="Extern.h" />
    <ClInclude Include="Function.h" />
    <ClInclude Include="Functor.h" />
    <ClInclude Include="Include.h" />
    <ClInclude Include="KeyMgr.h" />
    <ClInclude Include="Line.h" />
    <ClInclude Include="LineMgr.h" />
    <ClInclude Include="MainGame.h" />
    <ClInclude Include="MultiTex.h" />
    <ClInclude Include="MyBitmap.h" />
    <ClInclude Include="MyMenu.h" />
    <ClInclude Include="Obj.h" />
    <ClInclude Include="ObjMgr.h" />
    <ClInclude Include="Player.h" />
    <ClInclude Include="Resource.h" />
    <ClInclude Include="Scene.h" />
    <ClInclude Include="SceneMgr.h" />
    <ClInclude Include="Rock.h" />
    <ClInclude Include="ScrollMgr.h" />
    <ClInclude Include="SingleTex.h" />
    <ClInclude Include="SkyGradient.h" />
    <ClInclude Include="SoundMgr.h" />
    <ClInclude Include="Stage.h" />
    <ClInclude Include="stdafx.h" />
    <ClInclude Include="Struct.h" />
    <ClInclude Include="targetver.h" />
    <ClInclude Include="Texture.h" />
    <ClInclude Include="TextureMgr.h" />
    <ClInclude Include="Mountain.h" />
    <ClInclude Include="Tree.h" />
  </ItemGroup>
  <ItemGroup>
    <ResourceCompile Include="Alto_Adventure.rc" />
  </ItemGroup>
  <ItemGroup>
    <Image Include="Alto_Adventure.ico" />
    <Image Include="small.ico" />
  </ItemGroup>
  <ItemGroup>
    <Text Include="ReadMe.txt" />
  </ItemGroup>
</Project>