<?xml version="1.0" encoding="utf-8"?>
<Project ToolsVersion="4.0" xmlns="http://schemas.microsoft.com/developer/msbuild/2003">
  <ItemGroup>
    <ClCompile Include="Alto_Adventure.cpp">
      <Filter>99.Default</Filter>
    </ClCompile>
    <ClCompile Include="stdafx.cpp">
      <Filter>99.Default</Filter>
    </ClCompile>
    <ClCompile Include="MainGame.cpp">
      <Filter>00.MainGame</Filter>
    </ClCompile>
    <ClCompile Include="Obj.cpp">
      <Filter>01.Obj</Filter>
    </ClCompile>
    <ClCompile Include="Device.cpp">
      <Filter>96.Device</Filter>
    </ClCompile>
    <ClCompile Include="Line.cpp">
      <Filter>95.Line</Filter>
    </ClCompile>
    <ClCompile Include="Texture.cpp">
      <Filter>94.Texture</Filter>
    </ClCompile>
    <ClCompile Include="Scene.cpp">
      <Filter>93.Scene</Filter>
    </ClCompile>
    <ClCompile Include="MyMenu.cpp">
      <Filter>93.Scene\00.MyMenu</Filter>
    </ClCompile>
    <ClCompile Include="Stage.cpp">
      <Filter>93.Scene\01.Stage</Filter>
    </ClCompile>
    <ClCompile Include="MultiTex.cpp">
      <Filter>94.Texture\01.MultiTex</Filter>
    </ClCompile>
    <ClCompile Include="SingleTex.cpp">
      <Filter>94.Texture\00.SingleTex</Filter>
    </ClCompile>
    <ClCompile Include="Player.cpp">
      <Filter>01.Obj\00.Player</Filter>
    </ClCompile>
    <ClCompile Include="Cloud.cpp">
      <Filter>01.Obj\02.Cloud</Filter>
    </ClCompile>
    <ClCompile Include="Tree.cpp">
      <Filter>01.Obj\03.Tree</Filter>
    </ClCompile>
    <ClCompile Include="Mountain.cpp">
      <Filter>97.Manager\00.BackgroundMgr\00.Mountain</Filter>
    </ClCompile>
    <ClCompile Include="SkyGradient.cpp">
      <Filter>97.Manager\00.BackgroundMgr\01.SkyGradient</Filter>
    </ClCompile>
    <ClCompile Include="BigTree.cpp">
      <Filter>01.Obj\04.BigTree</Filter>
    </ClCompile>
    <ClCompile Include="Rock.cpp">
      <Filter>01.Obj\05.Rock</Filter>
    </ClCompile>
    <ClCompile Include="BackgroundMgr.cpp">
      <Filter>97.Manager\00.BackgroundMgr</Filter>
    </ClCompile>
    <ClCompile Include="Coin.cpp">
      <Filter>01.Obj\06.Coin</Filter>
    </ClCompile>
    <ClCompile Include="CollisionMgr.cpp">
      <Filter>97.Manager\01.CollisionMgr</Filter>
    </ClCompile>
    <ClCompile Include="KeyMgr.cpp">
      <Filter>97.Manager\02.KeyMgr</Filter>
    </ClCompile>
    <ClCompile Include="LineMgr.cpp">
      <Filter>97.Manager\03.LingMgr</Filter>
    </ClCompile>
    <ClCompile Include="ObjMgr.cpp">
      <Filter>97.Manager\04.ObjMgr</Filter>
    </ClCompile>
    <ClCompile Include="SceneMgr.cpp">
      <Filter>97.Manager\05.SceneMgr</Filter>
    </ClCompile>
    <ClCompile Include="ScrollMgr.cpp">
      <Filter>97.Manager\06.ScrollMgr</Filter>
    </ClCompile>
    <ClCompile Include="SoundMgr.cpp">
      <Filter>97.Manager\07.SoundMgr</Filter>
    </ClCompile>
    <ClCompile Include="TextureMgr.cpp">
      <Filter>97.Manager\08.TextureMgr</Filter>
    </ClCompile>
    <ClCompile Include="Effect.cpp">
      <Filter>01.Obj\01.Effect\01.BakEffect</Filter>
    </ClCompile>
    <ClCompile Include="FrontEffect.cpp">
      <Filter>01.Obj\01.Effect\00.FrontEffect</Filter>
    </ClCompile>
    <ClCompile Include="Magnet.cpp">
      <Filter>01.Obj\07.Item\00.Magnet</Filter>
    </ClCompile>
    <ClCompile Include="PowerUp.cpp">
      <Filter>01.Obj\07.Item\01.PowerUp</Filter>
    </ClCompile>
    <ClCompile Include="UIMgr.cpp">
      <Filter>97.Manager\09.UIMgr</Filter>
    </ClCompile>
  </ItemGroup>
  <ItemGroup>
    <ClInclude Include="Alto_Adventure.h">
      <Filter>99.Default</Filter>
    </ClInclude>
    <ClInclude Include="stdafx.h">
      <Filter>99.Default</Filter>
    </ClInclude>
    <ClInclude Include="MainGame.h">
      <Filter>00.MainGame</Filter>
    </ClInclude>
    <ClInclude Include="Obj.h">
      <Filter>01.Obj</Filter>
    </ClInclude>
    <ClInclude Include="targetver.h">
      <Filter>99.Default</Filter>
    </ClInclude>
    <ClInclude Include="AbstractFactory.h">
      <Filter>98.Include</Filter>
    </ClInclude>
    <ClInclude Include="Define.h">
      <Filter>98.Include</Filter>
    </ClInclude>
    <ClInclude Include="Function.h">
      <Filter>98.Include</Filter>
    </ClInclude>
    <ClInclude Include="Functor.h">
      <Filter>98.Include</Filter>
    </ClInclude>
    <ClInclude Include="Include.h">
      <Filter>98.Include</Filter>
    </ClInclude>
    <ClInclude Include="Extern.h">
      <Filter>98.Include</Filter>
    </ClInclude>
    <ClInclude Include="Enum.h">
      <Filter>98.Include</Filter>
    </ClInclude>
    <ClInclude Include="Device.h">
      <Filter>96.Device</Filter>
    </ClInclude>
    <ClInclude Include="Line.h">
      <Filter>95.Line</Filter>
    </ClInclude>
    <ClInclude Include="Texture.h">
      <Filter>94.Texture</Filter>
    </ClInclude>
    <ClInclude Include="Scene.h">
      <Filter>93.Scene</Filter>
    </ClInclude>
    <ClInclude Include="MyMenu.h">
      <Filter>93.Scene\00.MyMenu</Filter>
    </ClInclude>
    <ClInclude Include="Stage.h">
      <Filter>93.Scene\01.Stage</Filter>
    </ClInclude>
    <ClInclude Include="Resource.h">
      <Filter>99.Default</Filter>
    </ClInclude>
    <ClInclude Include="Struct.h">
      <Filter>98.Include</Filter>
    </ClInclude>
    <ClInclude Include="MultiTex.h">
      <Filter>94.Texture\01.MultiTex</Filter>
    </ClInclude>
    <ClInclude Include="SingleTex.h">
      <Filter>94.Texture\00.SingleTex</Filter>
    </ClInclude>
    <ClInclude Include="Player.h">
      <Filter>01.Obj\00.Player</Filter>
    </ClInclude>
    <ClInclude Include="Cloud.h">
      <Filter>01.Obj\02.Cloud</Filter>
    </ClInclude>
    <ClInclude Include="Tree.h">
      <Filter>01.Obj\03.Tree</Filter>
    </ClInclude>
    <ClInclude Include="Mountain.h">
      <Filter>97.Manager\00.BackgroundMgr\00.Mountain</Filter>
    </ClInclude>
    <ClInclude Include="SkyGradient.h">
      <Filter>97.Manager\00.BackgroundMgr\01.SkyGradient</Filter>
    </ClInclude>
    <ClInclude Include="BigTree.h">
      <Filter>01.Obj\04.BigTree</Filter>
    </ClInclude>
    <ClInclude Include="Rock.h">
      <Filter>01.Obj\05.Rock</Filter>
    </ClInclude>
    <ClInclude Include="BackgroundMgr.h">
      <Filter>97.Manager\00.BackgroundMgr</Filter>
    </ClInclude>
    <ClInclude Include="Coin.h">
      <Filter>01.Obj\06.Coin</Filter>
    </ClInclude>
    <ClInclude Include="CollisionMgr.h">
      <Filter>97.Manager\01.CollisionMgr</Filter>
    </ClInclude>
    <ClInclude Include="KeyMgr.h">
      <Filter>97.Manager\02.KeyMgr</Filter>
    </ClInclude>
    <ClInclude Include="LineMgr.h">
      <Filter>97.Manager\03.LingMgr</Filter>
    </ClInclude>
    <ClInclude Include="ObjMgr.h">
      <Filter>97.Manager\04.ObjMgr</Filter>
    </ClInclude>
    <ClInclude Include="SceneMgr.h">
      <Filter>97.Manager\05.SceneMgr</Filter>
    </ClInclude>
    <ClInclude Include="ScrollMgr.h">
      <Filter>97.Manager\06.ScrollMgr</Filter>
    </ClInclude>
    <ClInclude Include="SoundMgr.h">
      <Filter>97.Manager\07.SoundMgr</Filter>
    </ClInclude>
    <ClInclude Include="TextureMgr.h">
      <Filter>97.Manager\08.TextureMgr</Filter>
    </ClInclude>
    <ClInclude Include="Effect.h">
      <Filter>01.Obj\01.Effect\01.BakEffect</Filter>
    </ClInclude>
    <ClInclude Include="FrontEffect.h">
      <Filter>01.Obj\01.Effect\00.FrontEffect</Filter>
    </ClInclude>
    <ClInclude Include="Magnet.h">
      <Filter>01.Obj\07.Item\00.Magnet</Filter>
    </ClInclude>
    <ClInclude Include="PowerUp.h">
      <Filter>01.Obj\07.Item\01.PowerUp</Filter>
    </ClInclude>
    <ClInclude Include="UIMgr.h">
      <Filter>97.Manager\09.UIMgr</Filter>
    </ClInclude>
  </ItemGroup>
  <ItemGroup>
    <Image Include="Alto_Adventure.ico">
      <Filter>99.Default</Filter>
    </Image>
    <Image Include="small.ico">
      <Filter>99.Default</Filter>
    </Image>
  </ItemGroup>
  <ItemGroup>
    <Filter Include="99.Default">
      <UniqueIdentifier>{112990d4-2717-41c6-a2b7-f178546c381d}</UniqueIdentifier>
    </Filter>
    <Filter Include="00.MainGame">
      <UniqueIdentifier>{89b7fc37-563c-4179-958d-c44d0d3fe1e6}</UniqueIdentifier>
    </Filter>
    <Filter Include="01.Obj">
      <UniqueIdentifier>{a4c3235c-d406-41ec-84c7-28bedf67d905}</UniqueIdentifier>
    </Filter>
    <Filter Include="98.Include">
      <UniqueIdentifier>{ee7a34e0-3c97-41ee-8226-83a9304d4a3b}</UniqueIdentifier>
    </Filter>
    <Filter Include="97.Manager">
      <UniqueIdentifier>{12fac78e-8276-4401-b6c0-9a8b67557d9c}</UniqueIdentifier>
    </Filter>
    <Filter Include="96.Device">
      <UniqueIdentifier>{7fef6cb8-a6ad-48e0-bb03-580d55a79738}</UniqueIdentifier>
    </Filter>
    <Filter Include="95.Line">
      <UniqueIdentifier>{44f0c553-4a7c-4140-8897-801190ce894d}</UniqueIdentifier>
    </Filter>
    <Filter Include="94.Texture">
      <UniqueIdentifier>{f17ca898-3d46-4966-bbef-6e1de7beb071}</UniqueIdentifier>
    </Filter>
    <Filter Include="93.Scene">
      <UniqueIdentifier>{1e75a4b0-7b1b-471c-8047-0193a0ebf38c}</UniqueIdentifier>
    </Filter>
    <Filter Include="93.Scene\00.MyMenu">
      <UniqueIdentifier>{b47db9ae-76bd-4f41-ad5c-4760eb93e32e}</UniqueIdentifier>
    </Filter>
    <Filter Include="93.Scene\01.Stage">
      <UniqueIdentifier>{c6bf569b-16c3-4bd8-9cf8-3e4c4508edfa}</UniqueIdentifier>
    </Filter>
    <Filter Include="94.Texture\00.SingleTex">
      <UniqueIdentifier>{c82fdbd3-1371-47f3-b48c-a23d34a0e468}</UniqueIdentifier>
    </Filter>
    <Filter Include="94.Texture\01.MultiTex">
      <UniqueIdentifier>{8b195902-09df-43dc-8ea3-eb304dd6601c}</UniqueIdentifier>
    </Filter>
    <Filter Include="01.Obj\00.Player">
      <UniqueIdentifier>{f99266e5-5d71-450b-a4dc-a36ce02f1145}</UniqueIdentifier>
    </Filter>
    <Filter Include="01.Obj\01.Effect">
      <UniqueIdentifier>{3e051009-c131-43e0-aefa-80e1a0b2b076}</UniqueIdentifier>
    </Filter>
    <Filter Include="01.Obj\02.Cloud">
      <UniqueIdentifier>{03e0eea5-1687-40fd-b666-1d3102c00e83}</UniqueIdentifier>
    </Filter>
    <Filter Include="01.Obj\03.Tree">
      <UniqueIdentifier>{d684267f-637c-4b23-96c8-ae7d51b63c30}</UniqueIdentifier>
    </Filter>
    <Filter Include="97.Manager\00.BackgroundMgr">
      <UniqueIdentifier>{f6102e38-cd9f-4492-a11d-fad01c70c20f}</UniqueIdentifier>
    </Filter>
    <Filter Include="97.Manager\00.BackgroundMgr\00.Mountain">
      <UniqueIdentifier>{9faed17f-ac1e-49c2-81ce-de7b4af9d309}</UniqueIdentifier>
    </Filter>
    <Filter Include="97.Manager\00.BackgroundMgr\01.SkyGradient">
      <UniqueIdentifier>{5384dd1b-b7b4-4cb6-963a-32188a5b107b}</UniqueIdentifier>
    </Filter>
    <Filter Include="01.Obj\04.BigTree">
      <UniqueIdentifier>{3d990106-8c76-4e3f-af67-f98aeae0bb86}</UniqueIdentifier>
    </Filter>
    <Filter Include="01.Obj\05.Rock">
      <UniqueIdentifier>{a7fd4986-b6ef-4fe9-bdcc-21ef5f78d745}</UniqueIdentifier>
    </Filter>
    <Filter Include="01.Obj\06.Coin">
      <UniqueIdentifier>{faa757ba-6e0f-4d9d-ba28-8c0ab8f8aacb}</UniqueIdentifier>
    </Filter>
    <Filter Include="97.Manager\01.CollisionMgr">
      <UniqueIdentifier>{6726776f-30b6-4608-8bf1-a297c8427de2}</UniqueIdentifier>
    </Filter>
    <Filter Include="97.Manager\02.KeyMgr">
      <UniqueIdentifier>{fb925fda-cb45-4d1d-919d-9388bead6477}</UniqueIdentifier>
    </Filter>
    <Filter Include="97.Manager\03.LingMgr">
      <UniqueIdentifier>{49c11cc9-99b2-4b59-9f86-3fd21668ce44}</UniqueIdentifier>
    </Filter>
    <Filter Include="97.Manager\04.ObjMgr">
      <UniqueIdentifier>{f524589d-268e-426b-b4b5-1a00f20888c5}</UniqueIdentifier>
    </Filter>
    <Filter Include="97.Manager\05.SceneMgr">
      <UniqueIdentifier>{244aeac6-4c61-463f-8742-0552f50141cd}</UniqueIdentifier>
    </Filter>
    <Filter Include="97.Manager\06.ScrollMgr">
      <UniqueIdentifier>{2098366d-c74a-4572-abfb-7e5b584dbcf0}</UniqueIdentifier>
    </Filter>
    <Filter Include="97.Manager\07.SoundMgr">
      <UniqueIdentifier>{a8e5b324-893b-4cac-95f5-309ed605c7e7}</UniqueIdentifier>
    </Filter>
    <Filter Include="97.Manager\08.TextureMgr">
      <UniqueIdentifier>{67be9310-027b-4173-b6fb-573d61bb6d8b}</UniqueIdentifier>
    </Filter>
    <Filter Include="01.Obj\01.Effect\00.FrontEffect">
      <UniqueIdentifier>{c88411e1-aded-4558-8aea-329bc93bf72c}</UniqueIdentifier>
    </Filter>
    <Filter Include="01.Obj\01.Effect\01.BakEffect">
      <UniqueIdentifier>{68ea811b-bf3c-4b80-999c-f6264967087e}</UniqueIdentifier>
    </Filter>
    <Filter Include="01.Obj\07.Item">
      <UniqueIdentifier>{b37c3c36-938e-47eb-a7fd-1461a6f7b2b4}</UniqueIdentifier>
    </Filter>
    <Filter Include="01.Obj\07.Item\00.Magnet">
      <UniqueIdentifier>{33925aa7-55ad-4601-8eae-a07773fa7262}</UniqueIdentifier>
    </Filter>
    <Filter Include="97.Manager\09.UIMgr">
      <UniqueIdentifier>{0d3b0730-3e88-4cfa-8155-bae51df92d65}</UniqueIdentifier>
    </Filter>
    <Filter Include="01.Obj\07.Item\01.PowerUp">
      <UniqueIdentifier>{ca639b19-af74-4078-ab09-d86bf71be772}</UniqueIdentifier>
    </Filter>
  </ItemGroup>
  <ItemGroup>
    <ResourceCompile Include="Alto_Adventure.rc">
      <Filter>99.Default</Filter>
    </ResourceCompile>
  </ItemGroup>
  <ItemGroup>
    <Text Include="ReadMe.txt">
      <Filter>99.Default</Filter>
    </Text>
  </ItemGroup>
</Project>